
Microsoft Visual Studio Solution File, Format Version 12.00
# Visual Studio 15
VisualStudioVersion = 15.0.27703.2047
MinimumVisualStudioVersion = 10.0.40219.1
Project("{FAE04EC0-301F-11D3-BF4B-00C04F79EFBC}") = "Assembly-CSharp", "Assembly-CSharp.csproj", "{5274B2C6-F2A3-A9F2-1A76-099D2F0A961B}"
EndProject
Global
	GlobalSection(SolutionConfigurationPlatforms) = preSolution
		Debug|Any CPU = Debug|Any CPU
		Release|Any CPU = Release|Any CPU
	EndGlobalSection
	GlobalSection(ProjectConfigurationPlatforms) = postSolution
		{5274B2C6-F2A3-A9F2-1A76-099D2F0A961B}.Debug|Any CPU.ActiveCfg = Debug|Any CPU
		{5274B2C6-F2A3-A9F2-1A76-099D2F0A961B}.Debug|Any CPU.Build.0 = Debug|Any CPU
		{5274B2C6-F2A3-A9F2-1A76-099D2F0A961B}.Release|Any CPU.ActiveCfg = Release|Any CPU
		{5274B2C6-F2A3-A9F2-1A76-099D2F0A961B}.Release|Any CPU.Build.0 = Release|Any CPU
	EndGlobalSection
	GlobalSection(SolutionProperties) = preSolution
		HideSolutionNode = FALSE
	EndGlobalSection
	GlobalSection(ExtensibilityGlobals) = postSolution
		SolutionGuid = {C666C8B3-EC29-4CFC-91AA-5FA8D22D61BC}
	EndGlobalSection
EndGlobal
